PATH
  remote: .
  specs:
    gem_visualizer (0.1.0)

GEM
  remote: https://rubygems.org/
  specs:
    date (3.5.1)
    erb (6.0.2)
    io-console (0.8.2)
    irb (1.14.3)
      rdoc (>= 4.0.0)
      reline (>= 0.4.2)
    power_assert (3.0.1)
    psych (5.2.2)
      date
      stringio
    rake (13.3.1)
    rdoc (6.14.0)
      erb
      psych (>= 4.0.0)
    reline (0.6.3)
      io-console (~> 0.5)
    stringio (3.2.0)
    test-unit (3.7.7)
      power_assert

PLATFORMS
  x64-mingw-ucrt

DEPENDENCIES
  gem_visualizer!
  irb
  rake (~> 13.0)
  rspec

BUNDLED WITH
   2.6.9
